
Microsoft Visual Studio Solution File, Format Version 12.00
# Visual Studio 15
VisualStudioVersion = 15.0.28307.329
MinimumVisualStudioVersion = 10.0.40219.1
Project("{FAE04EC0-301F-11D3-BF4B-00C04F79EFBC}") = "Iqs.Api", "Iqs.Api\Iqs.Api.csproj", "{02F0758B-581C-4403-98E1-E30B014A4CC8}"
EndProject
Project("{FAE04EC0-301F-11D3-BF4B-00C04F79EFBC}") = "Iqs.BL", "Iqs.BL\Iqs.BL.csproj", "{107B6337-16C9-4187-8B50-5D8E0FB4AC6D}"
EndProject
Global
	GlobalSection(SolutionConfigurationPlatforms) = preSolution
		Debug|Any CPU = Debug|Any CPU
		Release|Any CPU = Release|Any CPU
	EndGlobalSection
	GlobalSection(ProjectConfigurationPlatforms) = postSolution
		{02F0758B-581C-4403-98E1-E30B014A4CC8}.Debug|Any CPU.ActiveCfg = Debug|Any CPU
		{02F0758B-581C-4403-98E1-E30B014A4CC8}.Debug|Any CPU.Build.0 = Debug|Any CPU
		{02F0758B-581C-4403-98E1-E30B014A4CC8}.Release|Any CPU.ActiveCfg = Release|Any CPU
		{02F0758B-581C-4403-98E1-E30B014A4CC8}.Release|Any CPU.Build.0 = Release|Any CPU
		{107B6337-16C9-4187-8B50-5D8E0FB4AC6D}.Debug|Any CPU.ActiveCfg = Debug|Any CPU
		{107B6337-16C9-4187-8B50-5D8E0FB4AC6D}.Debug|Any CPU.Build.0 = Debug|Any CPU
		{107B6337-16C9-4187-8B50-5D8E0FB4AC6D}.Release|Any CPU.ActiveCfg = Release|Any CPU
		{107B6337-16C9-4187-8B50-5D8E0FB4AC6D}.Release|Any CPU.Build.0 = Release|Any CPU
	EndGlobalSection
	GlobalSection(SolutionProperties) = preSolution
		HideSolutionNode = FALSE
	EndGlobalSection
	GlobalSection(ExtensibilityGlobals) = postSolution
		SolutionGuid = {7F51E032-4774-4197-AB43-B53A7CB1C372}
	EndGlobalSection
EndGlobal
